{
  "requires": true,
  "lockfileVersion": 1,
  "dependencies": {
    "@fortawesome/fontawesome-free": {
      "version": "5.11.2",
      "resolved": "https://registry.npmjs.org/@fortawesome/fontawesome-free/-/fontawesome-free-5.11.2.tgz",
      "integrity": "sha512-XiUPoS79r1G7PcpnNtq85TJ7inJWe0v+b5oZJZKb0pGHNIV6+UiNeQWiFGmuQ0aj7GEhnD/v9iqxIsjuRKtEnQ=="
    },
    "@fullcalendar/bootstrap": {
      "version": "4.3.0",
      "resolved": "https://registry.npmjs.org/@fullcalendar/bootstrap/-/bootstrap-4.3.0.tgz",
      "integrity": "sha512-Ue0Bm2m765jY2LKRsD7ZyoeYNJeeyXxyzSeMdYY4AHFZTevTlcxv1T7ZYPRDBhseewLwiFHP8e0Okfdiji+BCg=="
    },
    "@fullcalendar/core": {
      "version": "4.3.1",
      "resolved": "https://registry.npmjs.org/@fullcalendar/core/-/core-4.3.1.tgz",
      "integrity": "sha512-Eh+p/wpMkWGu26f8NpfQK9ecQMoZxX/aopv+0+4/CH+Ip0paP6iEc40JYgTz7RFl0bFqV1dvwyGyUZ4+9ZeySA=="
    },
    "@fullcalendar/daygrid": {
      "version": "4.3.0",
      "resolved": "https://registry.npmjs.org/@fullcalendar/daygrid/-/daygrid-4.3.0.tgz",
      "integrity": "sha512-OrGaRIGbELESOXOCXtoQVY4cOxnxmN7OrjDGbMoVITdoXWuIZ6sFNO84WcBQoRaIbkmqVM0SAU2MENwy+eEwqQ=="
    },
    "@fullcalendar/interaction": {
      "version": "4.3.0",
      "resolved": "https://registry.npmjs.org/@fullcalendar/interaction/-/interaction-4.3.0.tgz",
      "integrity": "sha512-kaKV+tdgH/oIrwTSMGYFec989L5r+KMYJ9ybwLc8G3LbMVcebo8fAlN9VizmGQAuopKfyvOw8yzJdjfmVCCRYQ=="
    },
    "@fullcalendar/timegrid": {
      "version": "4.3.0",
      "resolved": "https://registry.npmjs.org/@fullcalendar/timegrid/-/timegrid-4.3.0.tgz",
      "integrity": "sha512-9JCSZbzw2Hi+X893l5X9ViZaWjxh+sDy59o6nKx0gYKwSfs/vKpmk73GBQfKyUv8orkjpnTdPFfeLDZqlzBP4Q==",
      "requires": {
        "@fullcalendar/daygrid": "~4.3.0"
      }
    },
    "@lgaitan/pace-progress": {
      "version": "1.0.7",
      "resolved": "https://registry.npmjs.org/@lgaitan/pace-progress/-/pace-progress-1.0.7.tgz",
      "integrity": "sha1-yW+72f1M9Sj+7TTqDI+diz6Y8N0="
    },
    "admin-lte": {
      "version": "3.0.0-beta.2",
      "resolved": "https://registry.npmjs.org/admin-lte/-/admin-lte-3.0.0-beta.2.tgz",
      "integrity": "sha512-LE1gkh3ZWTvYf4kML7wJHWghs+wncbtXaaeHPgPQXL6B3nbdy3+LCfHIW/svLDmAJmWI5Bx4FwNBsV9WPg3mtw==",
      "requires": {
        "@fortawesome/fontawesome-free": "^5.9.0",
        "@fullcalendar/bootstrap": "^4.2.0",
        "@fullcalendar/core": "^4.2.0",
        "@fullcalendar/daygrid": "^4.2.0",
        "@fullcalendar/interaction": "^4.2.0",
        "@fullcalendar/timegrid": "^4.2.0",
        "@lgaitan/pace-progress": "^1.0.7",
        "bootstrap": "^4.3.1",
        "bootstrap-colorpicker": "^3.1.2",
        "bootstrap-slider": "^10.6.1",
        "bootstrap4-duallistbox": "^4.0.1",
        "chart.js": "^2.8.0",
        "datatables.net": "^1.10.19",
        "datatables.net-bs4": "^1.10.19",
        "daterangepicker": "^3.0.5",
        "fastclick": "^1.0.6",
        "flag-icon-css": "^3.3.0",
        "flot": "^3.1.1",
        "icheck-bootstrap": "^3.0.1",
        "inputmask": "^4.0.8",
        "ion-rangeslider": "^2.3.0",
        "jquery": "^3.4.1",
        "jquery-knob-chif": "^1.2.13",
        "jquery-mapael": "^2.2.0",
        "jquery-mousewheel": "^3.1.13",
        "jquery-ui-dist": "^1.12.1",
        "jqvmap": "github:bbmumford/jqvmap",
        "jsgrid": "^1.5.3",
        "moment": "^2.24.0",
        "overlayscrollbars": "^1.7.2",
        "popper.js": "^1.15.0",
        "raphael": "^2.2.8",
        "select2": "^4.0.7",
        "sparklines": "^1.2.0",
        "summernote": "^0.8.12",
        "sweetalert2": "^8.12.1",
        "tempusdominus-bootstrap-4": "^5.1.2",
        "toastr": "^2.1.4"
      }
    },
    "bootstrap": {
      "version": "4.3.1",
      "resolved": "https://registry.npmjs.org/bootstrap/-/bootstrap-4.3.1.tgz",
      "integrity": "sha512-rXqOmH1VilAt2DyPzluTi2blhk17bO7ef+zLLPlWvG494pDxcM234pJ8wTc/6R40UWizAIIMgxjvxZg5kmsbag=="
    },
    "bootstrap-colorpicker": {
      "version": "3.1.2",
      "resolved": "https://registry.npmjs.org/bootstrap-colorpicker/-/bootstrap-colorpicker-3.1.2.tgz",
      "integrity": "sha512-yUWegXox8GYoXVtYdrEIN3QMOeEFbcSFGDadZu2pWmmMgTaw4ECX9T8GvYQzJkRusvK9uzi39FjE0W2k8lQECA==",
      "requires": {
        "bootstrap": ">=4.0",
        "jquery": ">=2.1.0"
      }
    },
    "bootstrap-slider": {
      "version": "10.6.2",
      "resolved": "https://registry.npmjs.org/bootstrap-slider/-/bootstrap-slider-10.6.2.tgz",
      "integrity": "sha512-8JTPZB9QVOdrGzYF3YgC3YW6ssfPeBvBwZnXffiZ7YH/zz1D0EKlZvmQsm/w3N0XjVNYQEoQ0ax+jHrErV4K1Q=="
    },
    "bootstrap4-duallistbox": {
      "version": "4.0.1",
      "resolved": "https://registry.npmjs.org/bootstrap4-duallistbox/-/bootstrap4-duallistbox-4.0.1.tgz",
      "integrity": "sha512-DlIvIhCY8LtlnPe1QYIl+iHpNAvKv/TBqhNGKI/OcuFBoQ1Cx2hVBiqKEFi5fFn0zSRZZdxCJ2RsmBrQurNMiQ=="
    },
    "chart.js": {
      "version": "2.8.0",
      "resolved": "https://registry.npmjs.org/chart.js/-/chart.js-2.8.0.tgz",
      "integrity": "sha512-Di3wUL4BFvqI5FB5K26aQ+hvWh8wnP9A3DWGvXHVkO13D3DSnaSsdZx29cXlEsYKVkn1E2az+ZYFS4t0zi8x0w==",
      "requires": {
        "chartjs-color": "^2.1.0",
        "moment": "^2.10.2"
      }
    },
    "chartjs-color": {
      "version": "2.3.0",
      "resolved": "https://registry.npmjs.org/chartjs-color/-/chartjs-color-2.3.0.tgz",
      "integrity": "sha512-hEvVheqczsoHD+fZ+tfPUE+1+RbV6b+eksp2LwAhwRTVXEjCSEavvk+Hg3H6SZfGlPh/UfmWKGIvZbtobOEm3g==",
      "requires": {
        "chartjs-color-string": "^0.6.0",
        "color-convert": "^0.5.3"
      }
    },
    "chartjs-color-string": {
      "version": "0.6.0",
      "resolved": "https://registry.npmjs.org/chartjs-color-string/-/chartjs-color-string-0.6.0.tgz",
      "integrity": "sha512-TIB5OKn1hPJvO7JcteW4WY/63v6KwEdt6udfnDE9iCAZgy+V4SrbSxoIbTw/xkUIapjEI4ExGtD0+6D3KyFd7A==",
      "requires": {
        "color-name": "^1.0.0"
      }
    },
    "color-convert": {
      "version": "0.5.3",
      "resolved": "https://registry.npmjs.org/color-convert/-/color-convert-0.5.3.tgz",
      "integrity": "sha1-vbbGnOZg+t/+CwAHzER+G59ygr0="
    },
    "color-name": {
      "version": "1.1.4",
      "resolved": "https://registry.npmjs.org/color-name/-/color-name-1.1.4.tgz",
      "integrity": "sha512-dOy+3AuW3a2wNbZHIuMZpTcgjGuLU/uBL/ubcZF9OXbDo8ff4O8yVp5Bf0efS8uEoYo5q4Fx7dY9OgQGXgAsQA=="
    },
    "datatables.net": {
      "version": "1.10.19",
      "resolved": "https://registry.npmjs.org/datatables.net/-/datatables.net-1.10.19.tgz",
      "integrity": "sha512-+ljXcI6Pj3PTGy5pesp3E5Dr3x3AV45EZe0o1r0gKENN2gafBKXodVnk2ypKwl2tTmivjxbkiqoWnipTefyBTA==",
      "requires": {
        "jquery": ">=1.7"
      }
    },
    "datatables.net-bs4": {
      "version": "1.10.19",
      "resolved": "https://registry.npmjs.org/datatables.net-bs4/-/datatables.net-bs4-1.10.19.tgz",
      "integrity": "sha512-pgeP17w4aPR7HIxIwuJghfqXULjdg1K6xMUUKDyCERJRSNNK4MRToFfELtIsluLNN555YBK4Kx8nihX5/ZT1Fw==",
      "requires": {
        "datatables.net": "1.10.19",
        "jquery": ">=1.7"
      }
    },
    "daterangepicker": {
      "version": "3.0.5",
      "resolved": "https://registry.npmjs.org/daterangepicker/-/daterangepicker-3.0.5.tgz",
      "integrity": "sha512-BoVV+OjVARWNE15iF+3Y2QIMioAD2UODHvJwIq+NtG0vxh61dXRmOMXlw2dsvxS8KY4n5uvIcBfIPiEiiGJcBg==",
      "requires": {
        "jquery": ">=1.10",
        "moment": "^2.9.0"
      }
    },
    "eve-raphael": {
      "version": "0.5.0",
      "resolved": "https://registry.npmjs.org/eve-raphael/-/eve-raphael-0.5.0.tgz",
      "integrity": "sha1-F8dUt5K+7z+maE15z1pHxjxM2jA="
    },
    "fastclick": {
      "version": "1.0.6",
      "resolved": "https://registry.npmjs.org/fastclick/-/fastclick-1.0.6.tgz",
      "integrity": "sha1-FhYlsnsaWAZAWTa9qaLBkm0Gvmo="
    },
    "flag-icon-css": {
      "version": "3.4.0",
      "resolved": "https://registry.npmjs.org/flag-icon-css/-/flag-icon-css-3.4.0.tgz",
      "integrity": "sha512-5W4a1QBmej8yTJKbr+hX2gwgk21Wd3Pe3sEHpLVBSfcfnxR/C7QGHq01zViW5JIsw2vbYroGAqbUFe8APEZygg=="
    },
    "flot": {
      "version": "3.2.10",
      "resolved": "https://registry.npmjs.org/flot/-/flot-3.2.10.tgz",
      "integrity": "sha512-wFKQP1A3SNUR4xU+EjLxDRvC2xwfROSY9El/pC1z6qoT9zAT5/4aWTSM+AH+3YN3WPDE1b0mw3gfNdMQRAChXw=="
    },
    "icheck-bootstrap": {
      "version": "3.0.1",
      "resolved": "https://registry.npmjs.org/icheck-bootstrap/-/icheck-bootstrap-3.0.1.tgz",
      "integrity": "sha512-Rj3SybdcMcayhsP4IJ+hmCNgCKclaFcs/5zwCuLXH1WMo468NegjhZVxbSNKhEjJjnwc4gKETogUmPYSQ9lEZQ=="
    },
    "inputmask": {
      "version": "4.0.9",
      "resolved": "https://registry.npmjs.org/inputmask/-/inputmask-4.0.9.tgz",
      "integrity": "sha512-EodaYhJKncXRBwvCE8YrRmAFmBJ6bWdgX4Qw8QSnK5GBDXE03jgpJhrS+a2N0v2Zsgp+OjKXy7qACktjYD83Uw=="
    },
    "ion-rangeslider": {
      "version": "2.3.0",
      "resolved": "https://registry.npmjs.org/ion-rangeslider/-/ion-rangeslider-2.3.0.tgz",
      "integrity": "sha512-7TtH9/X4Aq/xCzboWxjwlv20gVqR90Ysc3aehMlTuH2/ULaSxpB80hq+yvD1N0FwWbPDtxQpjQrz/iX+LWXKmg==",
      "requires": {
        "jquery": ">=1.8"
      }
    },
    "jquery": {
      "version": "3.4.1",
      "resolved": "https://registry.npmjs.org/jquery/-/jquery-3.4.1.tgz",
      "integrity": "sha512-36+AdBzCL+y6qjw5Tx7HgzeGCzC81MDDgaUP8ld2zhx58HdqXGoBd+tHdrBMiyjGQs0Hxs/MLZTu/eHNJJuWPw=="
    },
    "jquery-knob-chif": {
      "version": "1.2.13",
      "resolved": "https://registry.npmjs.org/jquery-knob-chif/-/jquery-knob-chif-1.2.13.tgz",
      "integrity": "sha1-Xx5GLvN0XSep/WbOEUH+grRKV2I="
    },
    "jquery-mapael": {
      "version": "2.2.0",
      "resolved": "https://registry.npmjs.org/jquery-mapael/-/jquery-mapael-2.2.0.tgz",
      "integrity": "sha512-B5cVcCkfs7Ezia1Zs8bEfVacYD/GvaASyqQeidApR/NJ1C4igcExk9VULVsgLcTPkxohcZrrz5uCaPXvuKeZWw==",
      "requires": {
        "jquery": "^3.0 || ^2.0 || ^1.0",
        "jquery-mousewheel": "^3.1",
        "raphael": "^2.2.0 || ^2.1.1"
      }
    },
    "jquery-mousewheel": {
      "version": "3.1.13",
      "resolved": "https://registry.npmjs.org/jquery-mousewheel/-/jquery-mousewheel-3.1.13.tgz",
      "integrity": "sha1-BvAzXxbjU6aV5yBr9QUDy1I6buU="
    },
    "jquery-ui-dist": {
      "version": "1.12.1",
      "resolved": "https://registry.npmjs.org/jquery-ui-dist/-/jquery-ui-dist-1.12.1.tgz",
      "integrity": "sha1-XAgV08xvkP9fqvWyaKbiO0ypBPo="
    },
    "jqvmap": {
      "version": "github:bbmumford/jqvmap#27eadebd1ca7ace949e10bef6e64290c4956b934",
      "from": "github:bbmumford/jqvmap",
      "requires": {
        "jquery": "^3.4.0"
      }
    },
    "jsgrid": {
      "version": "1.5.3",
      "resolved": "https://registry.npmjs.org/jsgrid/-/jsgrid-1.5.3.tgz",
      "integrity": "sha1-sV/EJkgxU77itrVnMS9nXZKDSg0="
    },
    "moment": {
      "version": "2.24.0",
      "resolved": "https://registry.npmjs.org/moment/-/moment-2.24.0.tgz",
      "integrity": "sha512-bV7f+6l2QigeBBZSM/6yTNq4P2fNpSWj/0e7jQcy87A8e7o2nAfP/34/2ky5Vw4B9S446EtIhodAzkFCcR4dQg=="
    },
    "moment-timezone": {
      "version": "0.5.26",
      "resolved": "https://registry.npmjs.org/moment-timezone/-/moment-timezone-0.5.26.tgz",
      "integrity": "sha512-sFP4cgEKTCymBBKgoxZjYzlSovC20Y6J7y3nanDc5RoBIXKlZhoYwBoZGe3flwU6A372AcRwScH8KiwV6zjy1g==",
      "requires": {
        "moment": ">= 2.9.0"
      }
    },
    "overlayscrollbars": {
      "version": "1.9.1",
      "resolved": "https://registry.npmjs.org/overlayscrollbars/-/overlayscrollbars-1.9.1.tgz",
      "integrity": "sha512-MKOIiIaxfvemDQu1o03M/4lSs8EsSEqtaKMfspTtgF6bzxh8+ymzDtMCDGRIy4BQBQlu1ThP1QuSCdM9VAO1Qw=="
    },
    "popper.js": {
      "version": "1.15.0",
      "resolved": "https://registry.npmjs.org/popper.js/-/popper.js-1.15.0.tgz",
      "integrity": "sha512-w010cY1oCUmI+9KwwlWki+r5jxKfTFDVoadl7MSrIujHU5MJ5OR6HTDj6Xo8aoR/QsA56x8jKjA59qGH4ELtrA=="
    },
    "raphael": {
      "version": "2.3.0",
      "resolved": "https://registry.npmjs.org/raphael/-/raphael-2.3.0.tgz",
      "integrity": "sha512-w2yIenZAQnp257XUWGni4bLMVxpUpcIl7qgxEgDIXtmSypYtlNxfXWpOBxs7LBTps5sDwhRnrToJrMUrivqNTQ==",
      "requires": {
        "eve-raphael": "0.5.0"
      }
    },
    "select2": {
      "version": "4.0.10",
      "resolved": "https://registry.npmjs.org/select2/-/select2-4.0.10.tgz",
      "integrity": "sha512-g9fWMdEif4eQ901eiJV3os0MG5y20/3E2WNy0PfYf0T6Q/zZB/NOroJwAxcfE6uv5x0/BGeCDGNtoj9PqCdQEg=="
    },
    "sparklines": {
      "version": "1.2.0",
      "resolved": "https://registry.npmjs.org/sparklines/-/sparklines-1.2.0.tgz",
      "integrity": "sha512-6OFlZzdFXyfFGJ8R5wrc9GdjoeQpjFuwkMKF1yVehLATHVrf4dSyZ4veGOFQ0mQ3xdJ0bCQSbd0idsm1gd2qWg=="
    },
    "summernote": {
      "version": "0.8.12",
      "resolved": "https://registry.npmjs.org/summernote/-/summernote-0.8.12.tgz",
      "integrity": "sha512-RVEJoIyztwPpopTwZvjag1WOvbmhUGFe6Mc9RADzzcX1ogG8pIXCB88icu/vjNYihITrzj2zZsoFMcDRHSlhEA=="
    },
    "sweetalert2": {
      "version": "8.18.0",
      "resolved": "https://registry.npmjs.org/sweetalert2/-/sweetalert2-8.18.0.tgz",
      "integrity": "sha512-t8r4oIisUd/fPsd4/YKuiWTKnrxZsolUVk/w7nGhMu5MKsuGh6J5sQ9Jtio+5xKg/w5QOJpH8TUhb5INuVo/YQ=="
    },
    "tempusdominus-bootstrap-4": {
      "version": "5.1.2",
      "resolved": "https://registry.npmjs.org/tempusdominus-bootstrap-4/-/tempusdominus-bootstrap-4-5.1.2.tgz",
      "integrity": "sha512-ksD8qc4wOJeE19wvryXmEpRzMUSZu4wSOdG6zKSn8l4ccad16249KOX1j0CccyZpuuES/n4FLqLAUB+Dd1LTBA==",
      "requires": {
        "bootstrap": ">=4.1.2",
        "jquery": "^3.0",
        "moment": "^2.22.2",
        "moment-timezone": "^0.5.11",
        "popper.js": "^1.14.3"
      }
    },
    "toastr": {
      "version": "2.1.4",
      "resolved": "https://registry.npmjs.org/toastr/-/toastr-2.1.4.tgz",
      "integrity": "sha1-i0O+ZPudDEFIcURvLbjoyk6V8YE=",
      "requires": {
        "jquery": ">=1.12.0"
      }
    }
  }
}
